# THIS IS AN AUTOGENERATED FILE. DO NOT EDIT THIS FILE DIRECTLY.
# yarn lockfile v1


"@types/aws-lambda@^8.10.92":
  "integrity" "sha512-JHxKRi7Nz2Bjqp0CKllm9Fl5GZwRfMF+lilSfl12ATyvBx0cRM09ztBVgebeJ8wrjJggHxxjSU2/U+SvSG+K1A=="
  "resolved" "https://registry.npmjs.org/@types/aws-lambda/-/aws-lambda-8.10.113.tgz"
  "version" "8.10.113"

"@types/node@^18.15.3":
  "integrity" "sha512-p6ua9zBxz5otCmbpb5D3U4B5Nanw6Pk3PPyX05xnxbB/fRv71N7CPmORg7uAD5P70T0xmx1pzAx/FUfa5X+3cw=="
  "resolved" "https://registry.npmjs.org/@types/node/-/node-18.15.3.tgz"
  "version" "18.15.3"

"@types/uuid@^9.0.1":
  "integrity" "sha512-rFT3ak0/2trgvp4yYZo5iKFEPsET7vKydKF+VRCxlQ9bpheehyAJH89dAkaLEq/j/RZXJIqcgsmPJKUP1Z28HA=="
  "resolved" "https://registry.npmjs.org/@types/uuid/-/uuid-9.0.1.tgz"
  "version" "9.0.1"

"uuid@^9.0.0":
  "integrity" "sha512-MXcSTerfPa4uqyzStbRoTgt5XIe3x5+42+q1sDuy3R5MDk66URdLMOZe5aPX/SQd+kuYAh0FdP/pO28IkQyTeg=="
  "resolved" "https://registry.npmjs.org/uuid/-/uuid-9.0.0.tgz"
  "version" "9.0.0"
